
Microsoft Visual Studio Solution File, Format Version 12.00
# Visual Studio Version 17
VisualStudioVersion = 17.0.31903.59
MinimumVisualStudioVersion = 10.0.40219.1
Project("{2150E333-8FDC-42A3-9474-1A3956D46DE8}") = "backend", "backend", "{1AE8ACA6-933B-BF2A-3671-3E2EAC007D16}"
EndProject
Project("{2150E333-8FDC-42A3-9474-1A3956D46DE8}") = "src", "src", "{0F9113EE-888A-26D2-68B0-4A7D0A2A8745}"
EndProject
Project("{FAE04EC0-301F-11D3-BF4B-00C04F79EFBC}") = "BranchPilot.Domain", "backend\src\BranchPilot.Domain\BranchPilot.Domain.csproj", "{B2383FCB-1C6B-4595-987B-97F62CFB18E0}"
EndProject
Project("{FAE04EC0-301F-11D3-BF4B-00C04F79EFBC}") = "BranchPilot.Application", "backend\src\BranchPilot.Application\BranchPilot.Application.csproj", "{DD13B4A5-6C79-4D57-8CAD-CC0A10AB084E}"
EndProject
Project("{FAE04EC0-301F-11D3-BF4B-00C04F79EFBC}") = "BranchPilot.Infrastructure", "backend\src\BranchPilot.Infrastructure\BranchPilot.Infrastructure.csproj", "{FDF1A3B0-F891-4B19-B779-F7C33E2F5437}"
EndProject
Project("{FAE04EC0-301F-11D3-BF4B-00C04F79EFBC}") = "BranchPilot.Api", "backend\src\BranchPilot.Api\BranchPilot.Api.csproj", "{5561D25A-25A6-4A2D-94CC-C4C7B22B1FB8}"
EndProject
Project("{FAE04EC0-301F-11D3-BF4B-00C04F79EFBC}") = "BranchPilot.UnitTests", "backend\tests\BranchPilot.UnitTests\BranchPilot.UnitTests.csproj", "{B637ED0C-7876-47E3-9B62-49017DC742AD}"
EndProject
Project("{FAE04EC0-301F-11D3-BF4B-00C04F79EFBC}") = "BranchPilot.IntegrationTests", "backend\tests\BranchPilot.IntegrationTests\BranchPilot.IntegrationTests.csproj", "{4E54FAED-64C9-4A95-BD4E-A777F3618E4D}"
EndProject
Global
	GlobalSection(SolutionConfigurationPlatforms) = preSolution
		Debug|Any CPU = Debug|Any CPU
		Debug|x64 = Debug|x64
		Debug|x86 = Debug|x86
		Release|Any CPU = Release|Any CPU
		Release|x64 = Release|x64
		Release|x86 = Release|x86
	EndGlobalSection
	GlobalSection(ProjectConfigurationPlatforms) = postSolution
		{B2383FCB-1C6B-4595-987B-97F62CFB18E0}.Debug|Any CPU.ActiveCfg = Debug|Any CPU
		{B2383FCB-1C6B-4595-987B-97F62CFB18E0}.Debug|Any CPU.Build.0 = Debug|Any CPU
		{B2383FCB-1C6B-4595-987B-97F62CFB18E0}.Debug|x64.ActiveCfg = Debug|Any CPU
		{B2383FCB-1C6B-4595-987B-97F62CFB18E0}.Debug|x64.Build.0 = Debug|Any CPU
		{B2383FCB-1C6B-4595-987B-97F62CFB18E0}.Debug|x86.ActiveCfg = Debug|Any CPU
		{B2383FCB-1C6B-4595-987B-97F62CFB18E0}.Debug|x86.Build.0 = Debug|Any CPU
		{B2383FCB-1C6B-4595-987B-97F62CFB18E0}.Release|Any CPU.ActiveCfg = Release|Any CPU
		{B2383FCB-1C6B-4595-987B-97F62CFB18E0}.Release|Any CPU.Build.0 = Release|Any CPU
		{B2383FCB-1C6B-4595-987B-97F62CFB18E0}.Release|x64.ActiveCfg = Release|Any CPU
		{B2383FCB-1C6B-4595-987B-97F62CFB18E0}.Release|x64.Build.0 = Release|Any CPU
		{B2383FCB-1C6B-4595-987B-97F62CFB18E0}.Release|x86.ActiveCfg = Release|Any CPU
		{B2383FCB-1C6B-4595-987B-97F62CFB18E0}.Release|x86.Build.0 = Release|Any CPU
		{DD13B4A5-6C79-4D57-8CAD-CC0A10AB084E}.Debug|Any CPU.ActiveCfg = Debug|Any CPU
		{DD13B4A5-6C79-4D57-8CAD-CC0A10AB084E}.Debug|Any CPU.Build.0 = Debug|Any CPU
		{DD13B4A5-6C79-4D57-8CAD-CC0A10AB084E}.Debug|x64.ActiveCfg = Debug|Any CPU
		{DD13B4A5-6C79-4D57-8CAD-CC0A10AB084E}.Debug|x64.Build.0 = Debug|Any CPU
		{DD13B4A5-6C79-4D57-8CAD-CC0A10AB084E}.Debug|x86.ActiveCfg = Debug|Any CPU
		{DD13B4A5-6C79-4D57-8CAD-CC0A10AB084E}.Debug|x86.Build.0 = Debug|Any CPU
		{DD13B4A5-6C79-4D57-8CAD-CC0A10AB084E}.Release|Any CPU.ActiveCfg = Release|Any CPU
		{DD13B4A5-6C79-4D57-8CAD-CC0A10AB084E}.Release|Any CPU.Build.0 = Release|Any CPU
		{DD13B4A5-6C79-4D57-8CAD-CC0A10AB084E}.Release|x64.ActiveCfg = Release|Any CPU
		{DD13B4A5-6C79-4D57-8CAD-CC0A10AB084E}.Release|x64.Build.0 = Release|Any CPU
		{DD13B4A5-6C79-4D57-8CAD-CC0A10AB084E}.Release|x86.ActiveCfg = Release|Any CPU
		{DD13B4A5-6C79-4D57-8CAD-CC0A10AB084E}.Release|x86.Build.0 = Release|Any CPU
		{FDF1A3B0-F891-4B19-B779-F7C33E2F5437}.Debug|Any CPU.ActiveCfg = Debug|Any CPU
		{FDF1A3B0-F891-4B19-B779-F7C33E2F5437}.Debug|Any CPU.Build.0 = Debug|Any CPU
		{FDF1A3B0-F891-4B19-B779-F7C33E2F5437}.Debug|x64.ActiveCfg = Debug|Any CPU
		{FDF1A3B0-F891-4B19-B779-F7C33E2F5437}.Debug|x64.Build.0 = Debug|Any CPU
		{FDF1A3B0-F891-4B19-B779-F7C33E2F5437}.Debug|x86.ActiveCfg = Debug|Any CPU
		{FDF1A3B0-F891-4B19-B779-F7C33E2F5437}.Debug|x86.Build.0 = Debug|Any CPU
		{FDF1A3B0-F891-4B19-B779-F7C33E2F5437}.Release|Any CPU.ActiveCfg = Release|Any CPU
		{FDF1A3B0-F891-4B19-B779-F7C33E2F5437}.Release|Any CPU.Build.0 = Release|Any CPU
		{FDF1A3B0-F891-4B19-B779-F7C33E2F5437}.Release|x64.ActiveCfg = Release|Any CPU
		{FDF1A3B0-F891-4B19-B779-F7C33E2F5437}.Release|x64.Build.0 = Release|Any CPU
		{FDF1A3B0-F891-4B19-B779-F7C33E2F5437}.Release|x86.ActiveCfg = Release|Any CPU
		{FDF1A3B0-F891-4B19-B779-F7C33E2F5437}.Release|x86.Build.0 = Release|Any CPU
		{5561D25A-25A6-4A2D-94CC-C4C7B22B1FB8}.Debug|Any CPU.ActiveCfg = Debug|Any CPU
		{5561D25A-25A6-4A2D-94CC-C4C7B22B1FB8}.Debug|Any CPU.Build.0 = Debug|Any CPU
		{5561D25A-25A6-4A2D-94CC-C4C7B22B1FB8}.Debug|x64.ActiveCfg = Debug|Any CPU
		{5561D25A-25A6-4A2D-94CC-C4C7B22B1FB8}.Debug|x64.Build.0 = Debug|Any CPU
		{5561D25A-25A6-4A2D-94CC-C4C7B22B1FB8}.Debug|x86.ActiveCfg = Debug|Any CPU
		{5561D25A-25A6-4A2D-94CC-C4C7B22B1FB8}.Debug|x86.Build.0 = Debug|Any CPU
		{5561D25A-25A6-4A2D-94CC-C4C7B22B1FB8}.Release|Any CPU.ActiveCfg = Release|Any CPU
		{5561D25A-25A6-4A2D-94CC-C4C7B22B1FB8}.Release|Any CPU.Build.0 = Release|Any CPU
		{5561D25A-25A6-4A2D-94CC-C4C7B22B1FB8}.Release|x64.ActiveCfg = Release|Any CPU
		{5561D25A-25A6-4A2D-94CC-C4C7B22B1FB8}.Release|x64.Build.0 = Release|Any CPU
		{5561D25A-25A6-4A2D-94CC-C4C7B22B1FB8}.Release|x86.ActiveCfg = Release|Any CPU
		{5561D25A-25A6-4A2D-94CC-C4C7B22B1FB8}.Release|x86.Build.0 = Release|Any CPU
		{B637ED0C-7876-47E3-9B62-49017DC742AD}.Debug|Any CPU.ActiveCfg = Debug|Any CPU
		{B637ED0C-7876-47E3-9B62-49017DC742AD}.Debug|Any CPU.Build.0 = Debug|Any CPU
		{B637ED0C-7876-47E3-9B62-49017DC742AD}.Debug|x64.ActiveCfg = Debug|Any CPU
		{B637ED0C-7876-47E3-9B62-49017DC742AD}.Debug|x64.Build.0 = Debug|Any CPU
		{B637ED0C-7876-47E3-9B62-49017DC742AD}.Debug|x86.ActiveCfg = Debug|Any CPU
		{B637ED0C-7876-47E3-9B62-49017DC742AD}.Debug|x86.Build.0 = Debug|Any CPU
		{B637ED0C-7876-47E3-9B62-49017DC742AD}.Release|Any CPU.ActiveCfg = Release|Any CPU
		{B637ED0C-7876-47E3-9B62-49017DC742AD}.Release|Any CPU.Build.0 = Release|Any CPU
		{B637ED0C-7876-47E3-9B62-49017DC742AD}.Release|x64.ActiveCfg = Release|Any CPU
		{B637ED0C-7876-47E3-9B62-49017DC742AD}.Release|x64.Build.0 = Release|Any CPU
		{B637ED0C-7876-47E3-9B62-49017DC742AD}.Release|x86.ActiveCfg = Release|Any CPU
		{B637ED0C-7876-47E3-9B62-49017DC742AD}.Release|x86.Build.0 = Release|Any CPU
		{4E54FAED-64C9-4A95-BD4E-A777F3618E4D}.Debug|Any CPU.ActiveCfg = Debug|Any CPU
		{4E54FAED-64C9-4A95-BD4E-A777F3618E4D}.Debug|Any CPU.Build.0 = Debug|Any CPU
		{4E54FAED-64C9-4A95-BD4E-A777F3618E4D}.Debug|x64.ActiveCfg = Debug|Any CPU
		{4E54FAED-64C9-4A95-BD4E-A777F3618E4D}.Debug|x64.Build.0 = Debug|Any CPU
		{4E54FAED-64C9-4A95-BD4E-A777F3618E4D}.Debug|x86.ActiveCfg = Debug|Any CPU
		{4E54FAED-64C9-4A95-BD4E-A777F3618E4D}.Debug|x86.Build.0 = Debug|Any CPU
		{4E54FAED-64C9-4A95-BD4E-A777F3618E4D}.Release|Any CPU.ActiveCfg = Release|Any CPU
		{4E54FAED-64C9-4A95-BD4E-A777F3618E4D}.Release|Any CPU.Build.0 = Release|Any CPU
		{4E54FAED-64C9-4A95-BD4E-A777F3618E4D}.Release|x64.ActiveCfg = Release|Any CPU
		{4E54FAED-64C9-4A95-BD4E-A777F3618E4D}.Release|x64.Build.0 = Release|Any CPU
		{4E54FAED-64C9-4A95-BD4E-A777F3618E4D}.Release|x86.ActiveCfg = Release|Any CPU
		{4E54FAED-64C9-4A95-BD4E-A777F3618E4D}.Release|x86.Build.0 = Release|Any CPU
	EndGlobalSection
	GlobalSection(SolutionProperties) = preSolution
		HideSolutionNode = FALSE
	EndGlobalSection
	GlobalSection(NestedProjects) = preSolution
		{0F9113EE-888A-26D2-68B0-4A7D0A2A8745} = {1AE8ACA6-933B-BF2A-3671-3E2EAC007D16}
		{B2383FCB-1C6B-4595-987B-97F62CFB18E0} = {0F9113EE-888A-26D2-68B0-4A7D0A2A8745}
		{DD13B4A5-6C79-4D57-8CAD-CC0A10AB084E} = {0F9113EE-888A-26D2-68B0-4A7D0A2A8745}
		{FDF1A3B0-F891-4B19-B779-F7C33E2F5437} = {0F9113EE-888A-26D2-68B0-4A7D0A2A8745}
		{5561D25A-25A6-4A2D-94CC-C4C7B22B1FB8} = {0F9113EE-888A-26D2-68B0-4A7D0A2A8745}
		{B637ED0C-7876-47E3-9B62-49017DC742AD} = {0F9113EE-888A-26D2-68B0-4A7D0A2A8745}
		{4E54FAED-64C9-4A95-BD4E-A777F3618E4D} = {0F9113EE-888A-26D2-68B0-4A7D0A2A8745}
	EndGlobalSection
EndGlobal
